
Microsoft Visual Studio Solution File, Format Version 12.00
# Visual Studio Version 17
VisualStudioVersion = 17.10.34916.146
MinimumVisualStudioVersion = 10.0.40219.1
Project("{9A19103F-16F7-4668-BE54-9A1E7A4F7556}") = "DynamicObjectPool", "DynamicObjectPool\DynamicObjectPool.csproj", "{0BCDBC16-22EA-4ECC-893F-87F6E4270B45}"
EndProject
Project("{9A19103F-16F7-4668-BE54-9A1E7A4F7556}") = "DynamicObjectPool.UnitTests", "DynamicObjectPool.UnitTests\DynamicObjectPool.UnitTests.csproj", "{9F66CB72-0C18-41E7-BE21-CDE640E79AE3}"
EndProject
Project("{2150E333-8FDC-42A3-9474-1A3956D46DE8}") = "Solution Items", "Solution Items", "{10CB0C84-DBF8-4F5E-8168-1DACA3C9FDCA}"
	ProjectSection(SolutionItems) = preProject
		.github\workflows\build.yml = .github\workflows\build.yml
		LICENSE = LICENSE
		Readme.md = Readme.md
	EndProjectSection
EndProject
Global
	GlobalSection(SolutionConfigurationPlatforms) = preSolution
		Debug|Any CPU = Debug|Any CPU
		Release|Any CPU = Release|Any CPU
	EndGlobalSection
	GlobalSection(ProjectConfigurationPlatforms) = postSolution
		{0BCDBC16-22EA-4ECC-893F-87F6E4270B45}.Debug|Any CPU.ActiveCfg = Debug|Any CPU
		{0BCDBC16-22EA-4ECC-893F-87F6E4270B45}.Debug|Any CPU.Build.0 = Debug|Any CPU
		{0BCDBC16-22EA-4ECC-893F-87F6E4270B45}.Release|Any CPU.ActiveCfg = Release|Any CPU
		{0BCDBC16-22EA-4ECC-893F-87F6E4270B45}.Release|Any CPU.Build.0 = Release|Any CPU
		{9F66CB72-0C18-41E7-BE21-CDE640E79AE3}.Debug|Any CPU.ActiveCfg = Debug|Any CPU
		{9F66CB72-0C18-41E7-BE21-CDE640E79AE3}.Debug|Any CPU.Build.0 = Debug|Any CPU
		{9F66CB72-0C18-41E7-BE21-CDE640E79AE3}.Release|Any CPU.ActiveCfg = Release|Any CPU
		{9F66CB72-0C18-41E7-BE21-CDE640E79AE3}.Release|Any CPU.Build.0 = Release|Any CPU
	EndGlobalSection
	GlobalSection(SolutionProperties) = preSolution
		HideSolutionNode = FALSE
	EndGlobalSection
	GlobalSection(ExtensibilityGlobals) = postSolution
		SolutionGuid = {49E54C46-3D53-4BBA-8D07-1638903C42C9}
	EndGlobalSection
EndGlobal
